
Microsoft Visual Studio Solution File, Format Version 12.00
# Visual Studio Version 17
VisualStudioVersion = 17.14.36623.8
MinimumVisualStudioVersion = 10.0.40219.1
Project("{2150E333-8FDC-42A3-9474-1A3956D46DE8}") = "Task0", "Task0", "{02EA681E-C7D8-13C7-8484-4AC65E1B71E8}"
EndProject
Project("{FAE04EC0-301F-11D3-BF4B-00C04F79EFBC}") = "Tyuiu.AroyanAV.Sprint6.Task0.V19.Lib", "Tyuiu.AroyanAV.Sprint6.Task0.V19.Lib\Tyuiu.AroyanAV.Sprint6.Task0.V19.Lib.csproj", "{007F76F6-CB0D-4845-8FFF-BDDE59DAD974}"
EndProject
Project("{FAE04EC0-301F-11D3-BF4B-00C04F79EFBC}") = "Tyuiu.AroyanAV.Sprint6.Task0.V19.Test", "Tyuiu.AroyanAV.Sprint6.Task0.V19.Test\Tyuiu.AroyanAV.Sprint6.Task0.V19.Test.csproj", "{FA0353A7-1434-4065-AB94-4DC01CD9DE24}"
EndProject
Project("{FAE04EC0-301F-11D3-BF4B-00C04F79EFBC}") = "Tyuiu.AroyanAV.Sprint6.Task0.V19", "Tyuiu.AroyanAV.Sprint6.Task0.V19\Tyuiu.AroyanAV.Sprint6.Task0.V19.csproj", "{386AA2FE-B0E4-4E92-BC10-C8B223D2956D}"
EndProject
Global
	GlobalSection(SolutionConfigurationPlatforms) = preSolution
		Debug|Any CPU = Debug|Any CPU
		Release|Any CPU = Release|Any CPU
	EndGlobalSection
	GlobalSection(ProjectConfigurationPlatforms) = postSolution
		{007F76F6-CB0D-4845-8FFF-BDDE59DAD974}.Debug|Any CPU.ActiveCfg = Debug|Any CPU
		{007F76F6-CB0D-4845-8FFF-BDDE59DAD974}.Debug|Any CPU.Build.0 = Debug|Any CPU
		{007F76F6-CB0D-4845-8FFF-BDDE59DAD974}.Release|Any CPU.ActiveCfg = Release|Any CPU
		{007F76F6-CB0D-4845-8FFF-BDDE59DAD974}.Release|Any CPU.Build.0 = Release|Any CPU
		{FA0353A7-1434-4065-AB94-4DC01CD9DE24}.Debug|Any CPU.ActiveCfg = Debug|Any CPU
		{FA0353A7-1434-4065-AB94-4DC01CD9DE24}.Debug|Any CPU.Build.0 = Debug|Any CPU
		{FA0353A7-1434-4065-AB94-4DC01CD9DE24}.Release|Any CPU.ActiveCfg = Release|Any CPU
		{FA0353A7-1434-4065-AB94-4DC01CD9DE24}.Release|Any CPU.Build.0 = Release|Any CPU
		{386AA2FE-B0E4-4E92-BC10-C8B223D2956D}.Debug|Any CPU.ActiveCfg = Debug|Any CPU
		{386AA2FE-B0E4-4E92-BC10-C8B223D2956D}.Debug|Any CPU.Build.0 = Debug|Any CPU
		{386AA2FE-B0E4-4E92-BC10-C8B223D2956D}.Release|Any CPU.ActiveCfg = Release|Any CPU
		{386AA2FE-B0E4-4E92-BC10-C8B223D2956D}.Release|Any CPU.Build.0 = Release|Any CPU
	EndGlobalSection
	GlobalSection(SolutionProperties) = preSolution
		HideSolutionNode = FALSE
	EndGlobalSection
	GlobalSection(NestedProjects) = preSolution
		{007F76F6-CB0D-4845-8FFF-BDDE59DAD974} = {02EA681E-C7D8-13C7-8484-4AC65E1B71E8}
		{FA0353A7-1434-4065-AB94-4DC01CD9DE24} = {02EA681E-C7D8-13C7-8484-4AC65E1B71E8}
		{386AA2FE-B0E4-4E92-BC10-C8B223D2956D} = {02EA681E-C7D8-13C7-8484-4AC65E1B71E8}
	EndGlobalSection
	GlobalSection(ExtensibilityGlobals) = postSolution
		SolutionGuid = {F744F20D-A2E5-4550-97FE-B0E701240617}
	EndGlobalSection
EndGlobal
