
Microsoft Visual Studio Solution File, Format Version 12.00
# Visual Studio Version 17
VisualStudioVersion = 17.14.36623.8
MinimumVisualStudioVersion = 10.0.40219.1
Project("{2150E333-8FDC-42A3-9474-1A3956D46DE8}") = "Task0", "Task0", "{02EA681E-C7D8-13C7-8484-4AC65E1B71E8}"
EndProject
Project("{FAE04EC0-301F-11D3-BF4B-00C04F79EFBC}") = "Tyuiu.AroyanAV.Sprint6.Task0.V19.Lib", "Tyuiu.AroyanAV.Sprint6.Task0.V19.Lib\Tyuiu.AroyanAV.Sprint6.Task0.V19.Lib.csproj", "{007F76F6-CB0D-4845-8FFF-BDDE59DAD974}"
EndProject
Project("{FAE04EC0-301F-11D3-BF4B-00C04F79EFBC}") = "Tyuiu.AroyanAV.Sprint6.Task0.V19.Test", "Tyuiu.AroyanAV.Sprint6.Task0.V19.Test\Tyuiu.AroyanAV.Sprint6.Task0.V19.Test.csproj", "{FA0353A7-1434-4065-AB94-4DC01CD9DE24}"
EndProject
Project("{FAE04EC0-301F-11D3-BF4B-00C04F79EFBC}") = "Tyuiu.AroyanAV.Sprint6.Task0.V19", "Tyuiu.AroyanAV.Sprint6.Task0.V19\Tyuiu.AroyanAV.Sprint6.Task0.V19.csproj", "{386AA2FE-B0E4-4E92-BC10-C8B223D2956D}"
EndProject
Project("{2150E333-8FDC-42A3-9474-1A3956D46DE8}") = "Task1", "Task1", "{B9467FCC-4327-45B4-B1A8-3B6E7D23FF76}"
EndProject
Project("{FAE04EC0-301F-11D3-BF4B-00C04F79EFBC}") = "Tyuiu.AroyanAV.Sprint6.Task1.V13.Lib", "Tyuiu.AroyanAV.Sprint6.Task1.V13.Lib\Tyuiu.AroyanAV.Sprint6.Task1.V13.Lib.csproj", "{62DE60B5-E967-4FBE-95EF-8EA5BD15D1CB}"
EndProject
Project("{FAE04EC0-301F-11D3-BF4B-00C04F79EFBC}") = "Tyuiu.AroyanAV.Sprint6.Task1.V13.Test", "Tyuiu.AroyanAV.Sprint6.Task1.V13.Test\Tyuiu.AroyanAV.Sprint6.Task1.V13.Test.csproj", "{1303646B-7D4E-4E0E-A126-B0D5D3911D4A}"
EndProject
Project("{FAE04EC0-301F-11D3-BF4B-00C04F79EFBC}") = "Tyuiu.AroyanAV.Sprint6.Task1.V13", "Tyuiu.AroyanAV.Sprint6.Task1.V13\Tyuiu.AroyanAV.Sprint6.Task1.V13.csproj", "{37B80DA8-CBC7-4FBC-9ADF-18BA4484E679}"
EndProject
Project("{2150E333-8FDC-42A3-9474-1A3956D46DE8}") = "Task2", "Task2", "{6773A1C7-5FDA-41DE-8658-95EF4419D637}"
EndProject
Project("{FAE04EC0-301F-11D3-BF4B-00C04F79EFBC}") = "Tyuiu.AroyanAV.Sprint6.Task2.V13.Lib", "Tyuiu.AroyanAV.Sprint6.Task2.V13.Lib\Tyuiu.AroyanAV.Sprint6.Task2.V13.Lib.csproj", "{294B602A-029C-4CA6-A28F-A875094DAE75}"
EndProject
Project("{FAE04EC0-301F-11D3-BF4B-00C04F79EFBC}") = "Tyuiu.AroyanAV.Sprint6.Task2.V13.Test", "Tyuiu.AroyanAV.Sprint6.Task2.V13.Test\Tyuiu.AroyanAV.Sprint6.Task2.V13.Test.csproj", "{C7642A26-7F95-4709-A30C-89EF5D88FBCD}"
EndProject
Project("{FAE04EC0-301F-11D3-BF4B-00C04F79EFBC}") = "Tyuiu.AroyanAV.Sprint6.Task2.V13", "Tyuiu.AroyanAV.Sprint6.Task2.V13\Tyuiu.AroyanAV.Sprint6.Task2.V13.csproj", "{58E066AF-2580-4B5F-A527-A8D6F216EB10}"
EndProject
Project("{FAE04EC0-301F-11D3-BF4B-00C04F79EFBC}") = "WinFormsAppChart", "WinFormsAppChart\WinFormsAppChart\WinFormsAppChart\WinFormsAppChart.csproj", "{29B962F1-0C42-A5C7-377C-492F0A14DCCD}"
EndProject
Project("{2150E333-8FDC-42A3-9474-1A3956D46DE8}") = "Task3", "Task3", "{450988B0-12A8-4FB4-996F-41BCBA932C21}"
EndProject
Project("{FAE04EC0-301F-11D3-BF4B-00C04F79EFBC}") = "Tyuiu.AroyanAV.Sprint6.Task3.V15", "Tyuiu.AroyanAV.Sprint6.Task3.V15\Tyuiu.AroyanAV.Sprint6.Task3.V15.csproj", "{5C2D55F4-17AD-420F-AB7A-9B681E951557}"
EndProject
Project("{FAE04EC0-301F-11D3-BF4B-00C04F79EFBC}") = "Tyuiu.AroyanAV.Sprint6.Task3.V15.Lib", "Tyuiu.AroyanAV.Sprint6.Task3.V15.Lib\Tyuiu.AroyanAV.Sprint6.Task3.V15.Lib.csproj", "{EDE3348B-D770-4D19-8B01-B8C1743E7AD4}"
EndProject
Project("{FAE04EC0-301F-11D3-BF4B-00C04F79EFBC}") = "Tyuiu.AroyanAV.Sprint6.Task3.V15.Test", "Tyuiu.AroyanAV.Sprint6.Task3.V15.Test\Tyuiu.AroyanAV.Sprint6.Task3.V15.Test.csproj", "{A91CC916-D1ED-47AB-A0F2-603992FF3B8F}"
EndProject
Project("{FAE04EC0-301F-11D3-BF4B-00C04F79EFBC}") = "Tyuiu.AroyanAV.Sprint6.Task4.V12.Lib", "Tyuiu.AroyanAV.Sprint6.Task4.V12.Lib\Tyuiu.AroyanAV.Sprint6.Task4.V12.Lib.csproj", "{E7D39C11-79B5-45CD-BE58-471B838D75CD}"
EndProject
Project("{FAE04EC0-301F-11D3-BF4B-00C04F79EFBC}") = "Tyuiu.AroyanAV.Sprint6.Task4.V12.Test", "Tyuiu.AroyanAV.Sprint6.Task4.V12.Test\Tyuiu.AroyanAV.Sprint6.Task4.V12.Test.csproj", "{18F0B33B-BADF-456A-BCC8-619C63799623}"
EndProject
Project("{2150E333-8FDC-42A3-9474-1A3956D46DE8}") = "Task4", "Task4", "{CA93D1AF-D78A-4CCD-939C-9F3957357587}"
EndProject
Project("{FAE04EC0-301F-11D3-BF4B-00C04F79EFBC}") = "Tyuiu.AroyanAV.Sprint6.Task4.V12", "Tyuiu.AroyanAV.Sprint6.Task4.V12\Tyuiu.AroyanAV.Sprint6.Task4.V12.csproj", "{A0CE86E6-7C98-47A2-94CC-161DBD776F0D}"
EndProject
Global
	GlobalSection(SolutionConfigurationPlatforms) = preSolution
		Debug|Any CPU = Debug|Any CPU
		Release|Any CPU = Release|Any CPU
	EndGlobalSection
	GlobalSection(ProjectConfigurationPlatforms) = postSolution
		{007F76F6-CB0D-4845-8FFF-BDDE59DAD974}.Debug|Any CPU.ActiveCfg = Debug|Any CPU
		{007F76F6-CB0D-4845-8FFF-BDDE59DAD974}.Debug|Any CPU.Build.0 = Debug|Any CPU
		{007F76F6-CB0D-4845-8FFF-BDDE59DAD974}.Release|Any CPU.ActiveCfg = Release|Any CPU
		{007F76F6-CB0D-4845-8FFF-BDDE59DAD974}.Release|Any CPU.Build.0 = Release|Any CPU
		{FA0353A7-1434-4065-AB94-4DC01CD9DE24}.Debug|Any CPU.ActiveCfg = Debug|Any CPU
		{FA0353A7-1434-4065-AB94-4DC01CD9DE24}.Debug|Any CPU.Build.0 = Debug|Any CPU
		{FA0353A7-1434-4065-AB94-4DC01CD9DE24}.Release|Any CPU.ActiveCfg = Release|Any CPU
		{FA0353A7-1434-4065-AB94-4DC01CD9DE24}.Release|Any CPU.Build.0 = Release|Any CPU
		{386AA2FE-B0E4-4E92-BC10-C8B223D2956D}.Debug|Any CPU.ActiveCfg = Debug|Any CPU
		{386AA2FE-B0E4-4E92-BC10-C8B223D2956D}.Debug|Any CPU.Build.0 = Debug|Any CPU
		{386AA2FE-B0E4-4E92-BC10-C8B223D2956D}.Release|Any CPU.ActiveCfg = Release|Any CPU
		{386AA2FE-B0E4-4E92-BC10-C8B223D2956D}.Release|Any CPU.Build.0 = Release|Any CPU
		{62DE60B5-E967-4FBE-95EF-8EA5BD15D1CB}.Debug|Any CPU.ActiveCfg = Debug|Any CPU
		{62DE60B5-E967-4FBE-95EF-8EA5BD15D1CB}.Debug|Any CPU.Build.0 = Debug|Any CPU
		{62DE60B5-E967-4FBE-95EF-8EA5BD15D1CB}.Release|Any CPU.ActiveCfg = Release|Any CPU
		{62DE60B5-E967-4FBE-95EF-8EA5BD15D1CB}.Release|Any CPU.Build.0 = Release|Any CPU
		{1303646B-7D4E-4E0E-A126-B0D5D3911D4A}.Debug|Any CPU.ActiveCfg = Debug|Any CPU
		{1303646B-7D4E-4E0E-A126-B0D5D3911D4A}.Debug|Any CPU.Build.0 = Debug|Any CPU
		{1303646B-7D4E-4E0E-A126-B0D5D3911D4A}.Release|Any CPU.ActiveCfg = Release|Any CPU
		{1303646B-7D4E-4E0E-A126-B0D5D3911D4A}.Release|Any CPU.Build.0 = Release|Any CPU
		{37B80DA8-CBC7-4FBC-9ADF-18BA4484E679}.Debug|Any CPU.ActiveCfg = Debug|Any CPU
		{37B80DA8-CBC7-4FBC-9ADF-18BA4484E679}.Debug|Any CPU.Build.0 = Debug|Any CPU
		{37B80DA8-CBC7-4FBC-9ADF-18BA4484E679}.Release|Any CPU.ActiveCfg = Release|Any CPU
		{37B80DA8-CBC7-4FBC-9ADF-18BA4484E679}.Release|Any CPU.Build.0 = Release|Any CPU
		{294B602A-029C-4CA6-A28F-A875094DAE75}.Debug|Any CPU.ActiveCfg = Debug|Any CPU
		{294B602A-029C-4CA6-A28F-A875094DAE75}.Debug|Any CPU.Build.0 = Debug|Any CPU
		{294B602A-029C-4CA6-A28F-A875094DAE75}.Release|Any CPU.ActiveCfg = Release|Any CPU
		{294B602A-029C-4CA6-A28F-A875094DAE75}.Release|Any CPU.Build.0 = Release|Any CPU
		{C7642A26-7F95-4709-A30C-89EF5D88FBCD}.Debug|Any CPU.ActiveCfg = Debug|Any CPU
		{C7642A26-7F95-4709-A30C-89EF5D88FBCD}.Debug|Any CPU.Build.0 = Debug|Any CPU
		{C7642A26-7F95-4709-A30C-89EF5D88FBCD}.Release|Any CPU.ActiveCfg = Release|Any CPU
		{C7642A26-7F95-4709-A30C-89EF5D88FBCD}.Release|Any CPU.Build.0 = Release|Any CPU
		{58E066AF-2580-4B5F-A527-A8D6F216EB10}.Debug|Any CPU.ActiveCfg = Debug|Any CPU
		{58E066AF-2580-4B5F-A527-A8D6F216EB10}.Debug|Any CPU.Build.0 = Debug|Any CPU
		{58E066AF-2580-4B5F-A527-A8D6F216EB10}.Release|Any CPU.ActiveCfg = Release|Any CPU
		{58E066AF-2580-4B5F-A527-A8D6F216EB10}.Release|Any CPU.Build.0 = Release|Any CPU
		{29B962F1-0C42-A5C7-377C-492F0A14DCCD}.Debug|Any CPU.ActiveCfg = Debug|Any CPU
		{29B962F1-0C42-A5C7-377C-492F0A14DCCD}.Debug|Any CPU.Build.0 = Debug|Any CPU
		{29B962F1-0C42-A5C7-377C-492F0A14DCCD}.Release|Any CPU.ActiveCfg = Release|Any CPU
		{29B962F1-0C42-A5C7-377C-492F0A14DCCD}.Release|Any CPU.Build.0 = Release|Any CPU
		{5C2D55F4-17AD-420F-AB7A-9B681E951557}.Debug|Any CPU.ActiveCfg = Debug|Any CPU
		{5C2D55F4-17AD-420F-AB7A-9B681E951557}.Debug|Any CPU.Build.0 = Debug|Any CPU
		{5C2D55F4-17AD-420F-AB7A-9B681E951557}.Release|Any CPU.ActiveCfg = Release|Any CPU
		{5C2D55F4-17AD-420F-AB7A-9B681E951557}.Release|Any CPU.Build.0 = Release|Any CPU
		{EDE3348B-D770-4D19-8B01-B8C1743E7AD4}.Debug|Any CPU.ActiveCfg = Debug|Any CPU
		{EDE3348B-D770-4D19-8B01-B8C1743E7AD4}.Debug|Any CPU.Build.0 = Debug|Any CPU
		{EDE3348B-D770-4D19-8B01-B8C1743E7AD4}.Release|Any CPU.ActiveCfg = Release|Any CPU
		{EDE3348B-D770-4D19-8B01-B8C1743E7AD4}.Release|Any CPU.Build.0 = Release|Any CPU
		{A91CC916-D1ED-47AB-A0F2-603992FF3B8F}.Debug|Any CPU.ActiveCfg = Debug|Any CPU
		{A91CC916-D1ED-47AB-A0F2-603992FF3B8F}.Debug|Any CPU.Build.0 = Debug|Any CPU
		{A91CC916-D1ED-47AB-A0F2-603992FF3B8F}.Release|Any CPU.ActiveCfg = Release|Any CPU
		{A91CC916-D1ED-47AB-A0F2-603992FF3B8F}.Release|Any CPU.Build.0 = Release|Any CPU
		{E7D39C11-79B5-45CD-BE58-471B838D75CD}.Debug|Any CPU.ActiveCfg = Debug|Any CPU
		{E7D39C11-79B5-45CD-BE58-471B838D75CD}.Debug|Any CPU.Build.0 = Debug|Any CPU
		{E7D39C11-79B5-45CD-BE58-471B838D75CD}.Release|Any CPU.ActiveCfg = Release|Any CPU
		{E7D39C11-79B5-45CD-BE58-471B838D75CD}.Release|Any CPU.Build.0 = Release|Any CPU
		{18F0B33B-BADF-456A-BCC8-619C63799623}.Debug|Any CPU.ActiveCfg = Debug|Any CPU
		{18F0B33B-BADF-456A-BCC8-619C63799623}.Debug|Any CPU.Build.0 = Debug|Any CPU
		{18F0B33B-BADF-456A-BCC8-619C63799623}.Release|Any CPU.ActiveCfg = Release|Any CPU
		{18F0B33B-BADF-456A-BCC8-619C63799623}.Release|Any CPU.Build.0 = Release|Any CPU
		{A0CE86E6-7C98-47A2-94CC-161DBD776F0D}.Debug|Any CPU.ActiveCfg = Debug|Any CPU
		{A0CE86E6-7C98-47A2-94CC-161DBD776F0D}.Debug|Any CPU.Build.0 = Debug|Any CPU
		{A0CE86E6-7C98-47A2-94CC-161DBD776F0D}.Release|Any CPU.ActiveCfg = Release|Any CPU
		{A0CE86E6-7C98-47A2-94CC-161DBD776F0D}.Release|Any CPU.Build.0 = Release|Any CPU
	EndGlobalSection
	GlobalSection(SolutionProperties) = preSolution
		HideSolutionNode = FALSE
	EndGlobalSection
	GlobalSection(NestedProjects) = preSolution
		{007F76F6-CB0D-4845-8FFF-BDDE59DAD974} = {02EA681E-C7D8-13C7-8484-4AC65E1B71E8}
		{FA0353A7-1434-4065-AB94-4DC01CD9DE24} = {02EA681E-C7D8-13C7-8484-4AC65E1B71E8}
		{386AA2FE-B0E4-4E92-BC10-C8B223D2956D} = {02EA681E-C7D8-13C7-8484-4AC65E1B71E8}
		{62DE60B5-E967-4FBE-95EF-8EA5BD15D1CB} = {B9467FCC-4327-45B4-B1A8-3B6E7D23FF76}
		{1303646B-7D4E-4E0E-A126-B0D5D3911D4A} = {B9467FCC-4327-45B4-B1A8-3B6E7D23FF76}
		{37B80DA8-CBC7-4FBC-9ADF-18BA4484E679} = {B9467FCC-4327-45B4-B1A8-3B6E7D23FF76}
		{294B602A-029C-4CA6-A28F-A875094DAE75} = {6773A1C7-5FDA-41DE-8658-95EF4419D637}
		{C7642A26-7F95-4709-A30C-89EF5D88FBCD} = {6773A1C7-5FDA-41DE-8658-95EF4419D637}
		{58E066AF-2580-4B5F-A527-A8D6F216EB10} = {6773A1C7-5FDA-41DE-8658-95EF4419D637}
		{5C2D55F4-17AD-420F-AB7A-9B681E951557} = {450988B0-12A8-4FB4-996F-41BCBA932C21}
		{EDE3348B-D770-4D19-8B01-B8C1743E7AD4} = {450988B0-12A8-4FB4-996F-41BCBA932C21}
		{A91CC916-D1ED-47AB-A0F2-603992FF3B8F} = {450988B0-12A8-4FB4-996F-41BCBA932C21}
		{E7D39C11-79B5-45CD-BE58-471B838D75CD} = {CA93D1AF-D78A-4CCD-939C-9F3957357587}
		{18F0B33B-BADF-456A-BCC8-619C63799623} = {CA93D1AF-D78A-4CCD-939C-9F3957357587}
		{A0CE86E6-7C98-47A2-94CC-161DBD776F0D} = {CA93D1AF-D78A-4CCD-939C-9F3957357587}
	EndGlobalSection
	GlobalSection(ExtensibilityGlobals) = postSolution
		SolutionGuid = {F744F20D-A2E5-4550-97FE-B0E701240617}
	EndGlobalSection
EndGlobal
